
Microsoft Visual Studio Solution File, Format Version 12.00
# Visual Studio 15
VisualStudioVersion = 15.0.28307.757
MinimumVisualStudioVersion = 10.0.40219.1
Project("{FAE04EC0-301F-11D3-BF4B-00C04F79EFBC}") = "WebApi", "WebApi\WebApi.csproj", "{51AD153D-A2CF-479D-902C-735628896155}"
EndProject
Global
	GlobalSection(SolutionConfigurationPlatforms) = preSolution
		Debug|Any CPU = Debug|Any CPU
		Release|Any CPU = Release|Any CPU
	EndGlobalSection
	GlobalSection(ProjectConfigurationPlatforms) = postSolution
		{51AD153D-A2CF-479D-902C-735628896155}.Debug|Any CPU.ActiveCfg = Debug|Any CPU
		{51AD153D-A2CF-479D-902C-735628896155}.Debug|Any CPU.Build.0 = Debug|Any CPU
		{51AD153D-A2CF-479D-902C-735628896155}.Release|Any CPU.ActiveCfg = Release|Any CPU
		{51AD153D-A2CF-479D-902C-735628896155}.Release|Any CPU.Build.0 = Release|Any CPU
	EndGlobalSection
	GlobalSection(SolutionProperties) = preSolution
		HideSolutionNode = FALSE
	EndGlobalSection
	GlobalSection(ExtensibilityGlobals) = postSolution
		SolutionGuid = {C6B5E63D-AF33-480D-AD32-D8CA9826642A}
	EndGlobalSection
EndGlobal
